
Microsoft Visual Studio Solution File, Format Version 12.00
# Visual Studio 15
VisualStudioVersion = 15.0.28010.2026
MinimumVisualStudioVersion = 10.0.40219.1
Project("{9A19103F-16F7-4668-BE54-9A1E7A4F7556}") = "meg-blog", "meg-blog.csproj", "{495A54D2-9055-4447-8919-AD6D346908E3}"
EndProject
Global
	GlobalSection(SolutionConfigurationPlatforms) = preSolution
		Debug|Any CPU = Debug|Any CPU
		Release|Any CPU = Release|Any CPU
	EndGlobalSection
	GlobalSection(ProjectConfigurationPlatforms) = postSolution
		{495A54D2-9055-4447-8919-AD6D346908E3}.Debug|Any CPU.ActiveCfg = Debug|Any CPU
		{495A54D2-9055-4447-8919-AD6D346908E3}.Debug|Any CPU.Build.0 = Debug|Any CPU
		{495A54D2-9055-4447-8919-AD6D346908E3}.Release|Any CPU.ActiveCfg = Release|Any CPU
		{495A54D2-9055-4447-8919-AD6D346908E3}.Release|Any CPU.Build.0 = Release|Any CPU
	EndGlobalSection
	GlobalSection(SolutionProperties) = preSolution
		HideSolutionNode = FALSE
	EndGlobalSection
	GlobalSection(ExtensibilityGlobals) = postSolution
		SolutionGuid = {54B430A3-1F66-4B32-A946-9B90BB352897}
	EndGlobalSection
EndGlobal
